schema: '2.0'
stages:
  data_collection:
    cmd: python src/data_collection.py
    deps:
    - path: src/data_collection.py
      hash: md5
      md5: 92d53446db81812e663d0b777f6fc1b6
      size: 2152
    outs:
    - path: data/raw
      hash: md5
      md5: e08a230af5afa7076745536d0116f31b.dir
      size: 522262
      nfiles: 2
  pre_processing:
    cmd: python src/data_prep.py
    deps:
    - path: data/raw
      hash: md5
      md5: e08a230af5afa7076745536d0116f31b.dir
      size: 522262
      nfiles: 2
    - path: src/data_prep.py
      hash: md5
      md5: 23a7509b7f54f17381dc04f88da9fb58
      size: 2060
    params:
      params.yaml:
        data_collection.test_size: 0.3
    outs:
    - path: data/processed
      hash: md5
      md5: 87a2d0e17843d43976e8f06ce9bf196f.dir
      size: 546215
      nfiles: 2
  model_building:
    cmd: python src/model_building.py
    deps:
    - path: data/processed
      hash: md5
      md5: 87a2d0e17843d43976e8f06ce9bf196f.dir
      size: 546215
      nfiles: 2
    - path: src/model_building.py
      hash: md5
      md5: d877b2fb7605045caa7f4f9b7f63e249
      size: 2396
    params:
      params.yaml:
        model_building.n_estimators: 1000
    outs:
    - path: model.pkl
      hash: md5
      md5: d1de64816a33be26554e0bc35f24a70c
      size: 64854922
  model_eval:
    cmd: python src/model_eval.py
    deps:
    - path: model.pkl
      hash: md5
      md5: d1de64816a33be26554e0bc35f24a70c
      size: 64854922
    - path: src/model_eval.py
      hash: md5
      md5: e902bb959b21f7ee785fd6e7851ea61c
      size: 2767
    outs:
    - path: metrics.json
      hash: md5
      md5: 8611d4f311595ebd3e5cb89fe5ec7f96
      size: 151
